
Microsoft Visual Studio Solution File, Format Version 12.00
# Visual Studio Version 17
VisualStudioVersion = 17.2.32602.215
MinimumVisualStudioVersion = 10.0.40219.1
Project("{FAE04EC0-301F-11D3-BF4B-00C04F79EFBC}") = "01. Match Full Name", "01. Match Full Name\01. Match Full Name.csproj", "{C5DC900F-0F2C-4FEE-BF1F-32AC30768A73}"
EndProject
Project("{FAE04EC0-301F-11D3-BF4B-00C04F79EFBC}") = "02. Match Phone Number", "02. Match Phone Number\02. Match Phone Number.csproj", "{018C2B01-53E6-4830-A9BA-9072B421CAAA}"
EndProject
Project("{FAE04EC0-301F-11D3-BF4B-00C04F79EFBC}") = "03. Match Dates", "03. Match Dates\03. Match Dates.csproj", "{2540A8A2-F0A9-4AAE-AC8C-E7FCA1264A81}"
EndProject
Global
	GlobalSection(SolutionConfigurationPlatforms) = preSolution
		Debug|Any CPU = Debug|Any CPU
		Release|Any CPU = Release|Any CPU
	EndGlobalSection
	GlobalSection(ProjectConfigurationPlatforms) = postSolution
		{C5DC900F-0F2C-4FEE-BF1F-32AC30768A73}.Debug|Any CPU.ActiveCfg = Debug|Any CPU
		{C5DC900F-0F2C-4FEE-BF1F-32AC30768A73}.Debug|Any CPU.Build.0 = Debug|Any CPU
		{C5DC900F-0F2C-4FEE-BF1F-32AC30768A73}.Release|Any CPU.ActiveCfg = Release|Any CPU
		{C5DC900F-0F2C-4FEE-BF1F-32AC30768A73}.Release|Any CPU.Build.0 = Release|Any CPU
		{018C2B01-53E6-4830-A9BA-9072B421CAAA}.Debug|Any CPU.ActiveCfg = Debug|Any CPU
		{018C2B01-53E6-4830-A9BA-9072B421CAAA}.Debug|Any CPU.Build.0 = Debug|Any CPU
		{018C2B01-53E6-4830-A9BA-9072B421CAAA}.Release|Any CPU.ActiveCfg = Release|Any CPU
		{018C2B01-53E6-4830-A9BA-9072B421CAAA}.Release|Any CPU.Build.0 = Release|Any CPU
		{2540A8A2-F0A9-4AAE-AC8C-E7FCA1264A81}.Debug|Any CPU.ActiveCfg = Debug|Any CPU
		{2540A8A2-F0A9-4AAE-AC8C-E7FCA1264A81}.Debug|Any CPU.Build.0 = Debug|Any CPU
		{2540A8A2-F0A9-4AAE-AC8C-E7FCA1264A81}.Release|Any CPU.ActiveCfg = Release|Any CPU
		{2540A8A2-F0A9-4AAE-AC8C-E7FCA1264A81}.Release|Any CPU.Build.0 = Release|Any CPU
	EndGlobalSection
	GlobalSection(SolutionProperties) = preSolution
		HideSolutionNode = FALSE
	EndGlobalSection
	GlobalSection(ExtensibilityGlobals) = postSolution
		SolutionGuid = {2C9BCBB2-6276-4E6E-842A-1EA3DCF4805C}
	EndGlobalSection
EndGlobal
