
Microsoft Visual Studio Solution File, Format Version 12.00
# Visual Studio Version 17
VisualStudioVersion = 17.2.32602.215
MinimumVisualStudioVersion = 10.0.40219.1
Project("{9A19103F-16F7-4668-BE54-9A1E7A4F7556}") = "01. Advertisement Message", "01. Advertisement Message\01. Advertisement Message.csproj", "{6EA1A058-DE08-43DF-B413-303C93454092}"
EndProject
Project("{9A19103F-16F7-4668-BE54-9A1E7A4F7556}") = "02. Articles", "02. Articles\02. Articles.csproj", "{5C0F9B4B-4DA7-4EF7-B051-7178BAB8668B}"
EndProject
Project("{9A19103F-16F7-4668-BE54-9A1E7A4F7556}") = "03. Articles 2.0", "03. Articles 2.0\03. Articles 2.0.csproj", "{BBA03BBE-E28B-4568-A376-F79F2C5449FB}"
EndProject
Project("{9A19103F-16F7-4668-BE54-9A1E7A4F7556}") = "04. Students", "04. Students\04. Students.csproj", "{B8558AFC-804A-4EB1-8F4A-07679B4D42C4}"
EndProject
Project("{9A19103F-16F7-4668-BE54-9A1E7A4F7556}") = "05. Teamwork Projects", "05. Teamwork Projects\05. Teamwork Projects.csproj", "{AB69D261-BDDD-4435-9475-EC9CCF8FFA09}"
EndProject
Project("{9A19103F-16F7-4668-BE54-9A1E7A4F7556}") = "06. Vehicle Catalogue", "06. Vehicle Catalogue\06. Vehicle Catalogue.csproj", "{EAEAB0DC-5FB8-4240-95E1-C9A7253C4E81}"
EndProject
Project("{FAE04EC0-301F-11D3-BF4B-00C04F79EFBC}") = "07. Order by Age", "07. Order by Age\07. Order by Age.csproj", "{EF0BBBC9-3066-4D85-AF5A-94EF7AF9681F}"
EndProject
Global
	GlobalSection(SolutionConfigurationPlatforms) = preSolution
		Debug|Any CPU = Debug|Any CPU
		Release|Any CPU = Release|Any CPU
	EndGlobalSection
	GlobalSection(ProjectConfigurationPlatforms) = postSolution
		{6EA1A058-DE08-43DF-B413-303C93454092}.Debug|Any CPU.ActiveCfg = Debug|Any CPU
		{6EA1A058-DE08-43DF-B413-303C93454092}.Debug|Any CPU.Build.0 = Debug|Any CPU
		{6EA1A058-DE08-43DF-B413-303C93454092}.Release|Any CPU.ActiveCfg = Release|Any CPU
		{6EA1A058-DE08-43DF-B413-303C93454092}.Release|Any CPU.Build.0 = Release|Any CPU
		{5C0F9B4B-4DA7-4EF7-B051-7178BAB8668B}.Debug|Any CPU.ActiveCfg = Debug|Any CPU
		{5C0F9B4B-4DA7-4EF7-B051-7178BAB8668B}.Debug|Any CPU.Build.0 = Debug|Any CPU
		{5C0F9B4B-4DA7-4EF7-B051-7178BAB8668B}.Release|Any CPU.ActiveCfg = Release|Any CPU
		{5C0F9B4B-4DA7-4EF7-B051-7178BAB8668B}.Release|Any CPU.Build.0 = Release|Any CPU
		{BBA03BBE-E28B-4568-A376-F79F2C5449FB}.Debug|Any CPU.ActiveCfg = Debug|Any CPU
		{BBA03BBE-E28B-4568-A376-F79F2C5449FB}.Debug|Any CPU.Build.0 = Debug|Any CPU
		{BBA03BBE-E28B-4568-A376-F79F2C5449FB}.Release|Any CPU.ActiveCfg = Release|Any CPU
		{BBA03BBE-E28B-4568-A376-F79F2C5449FB}.Release|Any CPU.Build.0 = Release|Any CPU
		{B8558AFC-804A-4EB1-8F4A-07679B4D42C4}.Debug|Any CPU.ActiveCfg = Debug|Any CPU
		{B8558AFC-804A-4EB1-8F4A-07679B4D42C4}.Debug|Any CPU.Build.0 = Debug|Any CPU
		{B8558AFC-804A-4EB1-8F4A-07679B4D42C4}.Release|Any CPU.ActiveCfg = Release|Any CPU
		{B8558AFC-804A-4EB1-8F4A-07679B4D42C4}.Release|Any CPU.Build.0 = Release|Any CPU
		{AB69D261-BDDD-4435-9475-EC9CCF8FFA09}.Debug|Any CPU.ActiveCfg = Debug|Any CPU
		{AB69D261-BDDD-4435-9475-EC9CCF8FFA09}.Debug|Any CPU.Build.0 = Debug|Any CPU
		{AB69D261-BDDD-4435-9475-EC9CCF8FFA09}.Release|Any CPU.ActiveCfg = Release|Any CPU
		{AB69D261-BDDD-4435-9475-EC9CCF8FFA09}.Release|Any CPU.Build.0 = Release|Any CPU
		{EAEAB0DC-5FB8-4240-95E1-C9A7253C4E81}.Debug|Any CPU.ActiveCfg = Debug|Any CPU
		{EAEAB0DC-5FB8-4240-95E1-C9A7253C4E81}.Debug|Any CPU.Build.0 = Debug|Any CPU
		{EAEAB0DC-5FB8-4240-95E1-C9A7253C4E81}.Release|Any CPU.ActiveCfg = Release|Any CPU
		{EAEAB0DC-5FB8-4240-95E1-C9A7253C4E81}.Release|Any CPU.Build.0 = Release|Any CPU
		{EF0BBBC9-3066-4D85-AF5A-94EF7AF9681F}.Debug|Any CPU.ActiveCfg = Debug|Any CPU
		{EF0BBBC9-3066-4D85-AF5A-94EF7AF9681F}.Debug|Any CPU.Build.0 = Debug|Any CPU
		{EF0BBBC9-3066-4D85-AF5A-94EF7AF9681F}.Release|Any CPU.ActiveCfg = Release|Any CPU
		{EF0BBBC9-3066-4D85-AF5A-94EF7AF9681F}.Release|Any CPU.Build.0 = Release|Any CPU
	EndGlobalSection
	GlobalSection(SolutionProperties) = preSolution
		HideSolutionNode = FALSE
	EndGlobalSection
	GlobalSection(ExtensibilityGlobals) = postSolution
		SolutionGuid = {40A368A7-0BA6-4E17-9ACA-8EE726867B5F}
	EndGlobalSection
EndGlobal
