
Microsoft Visual Studio Solution File, Format Version 12.00
# Visual Studio Version 17
VisualStudioVersion = 17.2.32602.215
MinimumVisualStudioVersion = 10.0.40219.1
Project("{9A19103F-16F7-4668-BE54-9A1E7A4F7556}") = "01. Messaging", "01. Messaging\01. Messaging.csproj", "{083A0586-1ED5-4A54-B600-B72BF1D1F2A8}"
EndProject
Project("{9A19103F-16F7-4668-BE54-9A1E7A4F7556}") = "02. Car Race", "02. Car Race\02. Car Race.csproj", "{40EE1723-37CC-4E58-BAB0-6D1670E2BFAC}"
EndProject
Project("{9A19103F-16F7-4668-BE54-9A1E7A4F7556}") = "03. Take Skip Rope", "03. Take Skip Rope\03. Take Skip Rope.csproj", "{FE4FEC3D-5297-445C-9959-BE1E158B0565}"
EndProject
Project("{FAE04EC0-301F-11D3-BF4B-00C04F79EFBC}") = "04. Mixed up Lists", "04. Mixed up Lists\04. Mixed up Lists.csproj", "{784FD742-C81D-4B79-9625-A9EBD99FA700}"
EndProject
Project("{FAE04EC0-301F-11D3-BF4B-00C04F79EFBC}") = "05. Drum Set", "05. Drum Set\05. Drum Set.csproj", "{DECB4808-E64E-47E2-99C0-41AF03CD3347}"
EndProject
Global
	GlobalSection(SolutionConfigurationPlatforms) = preSolution
		Debug|Any CPU = Debug|Any CPU
		Release|Any CPU = Release|Any CPU
	EndGlobalSection
	GlobalSection(ProjectConfigurationPlatforms) = postSolution
		{083A0586-1ED5-4A54-B600-B72BF1D1F2A8}.Debug|Any CPU.ActiveCfg = Debug|Any CPU
		{083A0586-1ED5-4A54-B600-B72BF1D1F2A8}.Debug|Any CPU.Build.0 = Debug|Any CPU
		{083A0586-1ED5-4A54-B600-B72BF1D1F2A8}.Release|Any CPU.ActiveCfg = Release|Any CPU
		{083A0586-1ED5-4A54-B600-B72BF1D1F2A8}.Release|Any CPU.Build.0 = Release|Any CPU
		{40EE1723-37CC-4E58-BAB0-6D1670E2BFAC}.Debug|Any CPU.ActiveCfg = Debug|Any CPU
		{40EE1723-37CC-4E58-BAB0-6D1670E2BFAC}.Debug|Any CPU.Build.0 = Debug|Any CPU
		{40EE1723-37CC-4E58-BAB0-6D1670E2BFAC}.Release|Any CPU.ActiveCfg = Release|Any CPU
		{40EE1723-37CC-4E58-BAB0-6D1670E2BFAC}.Release|Any CPU.Build.0 = Release|Any CPU
		{FE4FEC3D-5297-445C-9959-BE1E158B0565}.Debug|Any CPU.ActiveCfg = Debug|Any CPU
		{FE4FEC3D-5297-445C-9959-BE1E158B0565}.Debug|Any CPU.Build.0 = Debug|Any CPU
		{FE4FEC3D-5297-445C-9959-BE1E158B0565}.Release|Any CPU.ActiveCfg = Release|Any CPU
		{FE4FEC3D-5297-445C-9959-BE1E158B0565}.Release|Any CPU.Build.0 = Release|Any CPU
		{784FD742-C81D-4B79-9625-A9EBD99FA700}.Debug|Any CPU.ActiveCfg = Debug|Any CPU
		{784FD742-C81D-4B79-9625-A9EBD99FA700}.Debug|Any CPU.Build.0 = Debug|Any CPU
		{784FD742-C81D-4B79-9625-A9EBD99FA700}.Release|Any CPU.ActiveCfg = Release|Any CPU
		{784FD742-C81D-4B79-9625-A9EBD99FA700}.Release|Any CPU.Build.0 = Release|Any CPU
		{DECB4808-E64E-47E2-99C0-41AF03CD3347}.Debug|Any CPU.ActiveCfg = Debug|Any CPU
		{DECB4808-E64E-47E2-99C0-41AF03CD3347}.Debug|Any CPU.Build.0 = Debug|Any CPU
		{DECB4808-E64E-47E2-99C0-41AF03CD3347}.Release|Any CPU.ActiveCfg = Release|Any CPU
		{DECB4808-E64E-47E2-99C0-41AF03CD3347}.Release|Any CPU.Build.0 = Release|Any CPU
	EndGlobalSection
	GlobalSection(SolutionProperties) = preSolution
		HideSolutionNode = FALSE
	EndGlobalSection
	GlobalSection(ExtensibilityGlobals) = postSolution
		SolutionGuid = {D05C6A49-96CE-4FFF-BF76-58063894D6A5}
	EndGlobalSection
EndGlobal
