
Microsoft Visual Studio Solution File, Format Version 12.00
# Visual Studio Version 17
VisualStudioVersion = 17.2.32602.215
MinimumVisualStudioVersion = 10.0.40219.1
Project("{9A19103F-16F7-4668-BE54-9A1E7A4F7556}") = "01. The Imitation Game", "01. The Imitation Game\01. The Imitation Game.csproj", "{50C7A0E1-307F-4C1E-BCA7-43B5EEF82079}"
EndProject
Project("{9A19103F-16F7-4668-BE54-9A1E7A4F7556}") = "01. World Tour", "01. World Tour\01. World Tour.csproj", "{5E07B21B-7B77-4741-A736-FB16C12A2EBF}"
EndProject
Project("{9A19103F-16F7-4668-BE54-9A1E7A4F7556}") = "02. Ad Astra", "02. Ad Astra\02. Ad Astra.csproj", "{CF435F43-0475-43B2-A552-C5DC6941C1FD}"
EndProject
Project("{9A19103F-16F7-4668-BE54-9A1E7A4F7556}") = "03. The Pianist", "03. The Pianist\03. The Pianist.csproj", "{8F81C745-933B-46CD-ABEA-27F94446A640}"
EndProject
Project("{2150E333-8FDC-42A3-9474-1A3956D46DE8}") = "Preparation 01", "Preparation 01", "{CCD2D5D2-33F2-4829-8E69-5A5758DA1F7B}"
EndProject
Project("{9A19103F-16F7-4668-BE54-9A1E7A4F7556}") = "02. Fancy Barcodes", "02. Fancy Barcodes\02. Fancy Barcodes.csproj", "{05CD741F-2707-4A94-A9F0-3027A74CB7A3}"
EndProject
Project("{9A19103F-16F7-4668-BE54-9A1E7A4F7556}") = "01. Activation Keys", "01. Activation Keys\01. Activation Keys.csproj", "{C612471B-85CC-4EB4-A84D-2A951F66DC1D}"
EndProject
Project("{9A19103F-16F7-4668-BE54-9A1E7A4F7556}") = "02. Emoji Detector", "02. Emoji Detector\02. Emoji Detector.csproj", "{1BFD0349-AAF9-4556-A9E5-C631F9BA0495}"
EndProject
Project("{9A19103F-16F7-4668-BE54-9A1E7A4F7556}") = "03. Heroes of Code and Logic VII", "03. Heroes of Code and Logic VII\03. Heroes of Code and Logic VII.csproj", "{E29028D4-7F4C-4682-BC2C-44D9261C9661}"
EndProject
Project("{9A19103F-16F7-4668-BE54-9A1E7A4F7556}") = "02. Destination Mapper", "02. Destination Mapper\02. Destination Mapper.csproj", "{64E604CC-4756-4F77-AAB7-6DA6D07B547B}"
EndProject
Project("{9A19103F-16F7-4668-BE54-9A1E7A4F7556}") = "03. Plant Discovery", "03. Plant Discovery\03. Plant Discovery.csproj", "{05C4B957-F0BB-4475-A541-20479FFC4B1F}"
EndProject
Project("{2150E333-8FDC-42A3-9474-1A3956D46DE8}") = "Preparation 02", "Preparation 02", "{0C3CD88D-1AA4-42E8-A2DE-16757F8BF070}"
EndProject
Project("{9A19103F-16F7-4668-BE54-9A1E7A4F7556}") = "01. Secret Chat", "01. Secret Chat\01. Secret Chat.csproj", "{1EA45054-0F62-488C-8305-12F7A05E6309}"
EndProject
Project("{2150E333-8FDC-42A3-9474-1A3956D46DE8}") = "Preparation 03", "Preparation 03", "{D2750981-86A9-4F83-B240-9E9B79D5A453}"
EndProject
Project("{9A19103F-16F7-4668-BE54-9A1E7A4F7556}") = "02. Mirror Words", "02. Mirror Words\02. Mirror Words.csproj", "{CCD74098-C057-4CF5-A1BB-08ABC37D2DAA}"
EndProject
Project("{9A19103F-16F7-4668-BE54-9A1E7A4F7556}") = "03. Need for Speed III", "03. Need for Speed III\03. Need for Speed III.csproj", "{A8865A47-4736-48E1-9326-E98BE2B2F5A5}"
EndProject
Project("{FAE04EC0-301F-11D3-BF4B-00C04F79EFBC}") = "01. Password Reset", "01. Password Reset\01. Password Reset.csproj", "{730C444E-D32D-48A3-B749-11D3E1089CAB}"
EndProject
Project("{2150E333-8FDC-42A3-9474-1A3956D46DE8}") = "Preparation 04", "Preparation 04", "{064899D9-3FE1-49EC-A441-7A020047EF08}"
EndProject
Project("{FAE04EC0-301F-11D3-BF4B-00C04F79EFBC}") = "03. P!rates", "03. P!rates\03. P!rates.csproj", "{A2BC6FA3-DE96-4354-9C1E-1D62B35C44AA}"
EndProject
Project("{2150E333-8FDC-42A3-9474-1A3956D46DE8}") = "Preparation 05", "Preparation 05", "{B3F4D30D-21C0-4A3E-9A7D-1CCCE76F2C18}"
EndProject
Global
	GlobalSection(SolutionConfigurationPlatforms) = preSolution
		Debug|Any CPU = Debug|Any CPU
		Release|Any CPU = Release|Any CPU
	EndGlobalSection
	GlobalSection(ProjectConfigurationPlatforms) = postSolution
		{50C7A0E1-307F-4C1E-BCA7-43B5EEF82079}.Debug|Any CPU.ActiveCfg = Debug|Any CPU
		{50C7A0E1-307F-4C1E-BCA7-43B5EEF82079}.Debug|Any CPU.Build.0 = Debug|Any CPU
		{50C7A0E1-307F-4C1E-BCA7-43B5EEF82079}.Release|Any CPU.ActiveCfg = Release|Any CPU
		{50C7A0E1-307F-4C1E-BCA7-43B5EEF82079}.Release|Any CPU.Build.0 = Release|Any CPU
		{5E07B21B-7B77-4741-A736-FB16C12A2EBF}.Debug|Any CPU.ActiveCfg = Debug|Any CPU
		{5E07B21B-7B77-4741-A736-FB16C12A2EBF}.Debug|Any CPU.Build.0 = Debug|Any CPU
		{5E07B21B-7B77-4741-A736-FB16C12A2EBF}.Release|Any CPU.ActiveCfg = Release|Any CPU
		{5E07B21B-7B77-4741-A736-FB16C12A2EBF}.Release|Any CPU.Build.0 = Release|Any CPU
		{CF435F43-0475-43B2-A552-C5DC6941C1FD}.Debug|Any CPU.ActiveCfg = Debug|Any CPU
		{CF435F43-0475-43B2-A552-C5DC6941C1FD}.Debug|Any CPU.Build.0 = Debug|Any CPU
		{CF435F43-0475-43B2-A552-C5DC6941C1FD}.Release|Any CPU.ActiveCfg = Release|Any CPU
		{CF435F43-0475-43B2-A552-C5DC6941C1FD}.Release|Any CPU.Build.0 = Release|Any CPU
		{8F81C745-933B-46CD-ABEA-27F94446A640}.Debug|Any CPU.ActiveCfg = Debug|Any CPU
		{8F81C745-933B-46CD-ABEA-27F94446A640}.Debug|Any CPU.Build.0 = Debug|Any CPU
		{8F81C745-933B-46CD-ABEA-27F94446A640}.Release|Any CPU.ActiveCfg = Release|Any CPU
		{8F81C745-933B-46CD-ABEA-27F94446A640}.Release|Any CPU.Build.0 = Release|Any CPU
		{05CD741F-2707-4A94-A9F0-3027A74CB7A3}.Debug|Any CPU.ActiveCfg = Debug|Any CPU
		{05CD741F-2707-4A94-A9F0-3027A74CB7A3}.Debug|Any CPU.Build.0 = Debug|Any CPU
		{05CD741F-2707-4A94-A9F0-3027A74CB7A3}.Release|Any CPU.ActiveCfg = Release|Any CPU
		{05CD741F-2707-4A94-A9F0-3027A74CB7A3}.Release|Any CPU.Build.0 = Release|Any CPU
		{C612471B-85CC-4EB4-A84D-2A951F66DC1D}.Debug|Any CPU.ActiveCfg = Debug|Any CPU
		{C612471B-85CC-4EB4-A84D-2A951F66DC1D}.Debug|Any CPU.Build.0 = Debug|Any CPU
		{C612471B-85CC-4EB4-A84D-2A951F66DC1D}.Release|Any CPU.ActiveCfg = Release|Any CPU
		{C612471B-85CC-4EB4-A84D-2A951F66DC1D}.Release|Any CPU.Build.0 = Release|Any CPU
		{1BFD0349-AAF9-4556-A9E5-C631F9BA0495}.Debug|Any CPU.ActiveCfg = Debug|Any CPU
		{1BFD0349-AAF9-4556-A9E5-C631F9BA0495}.Debug|Any CPU.Build.0 = Debug|Any CPU
		{1BFD0349-AAF9-4556-A9E5-C631F9BA0495}.Release|Any CPU.ActiveCfg = Release|Any CPU
		{1BFD0349-AAF9-4556-A9E5-C631F9BA0495}.Release|Any CPU.Build.0 = Release|Any CPU
		{E29028D4-7F4C-4682-BC2C-44D9261C9661}.Debug|Any CPU.ActiveCfg = Debug|Any CPU
		{E29028D4-7F4C-4682-BC2C-44D9261C9661}.Debug|Any CPU.Build.0 = Debug|Any CPU
		{E29028D4-7F4C-4682-BC2C-44D9261C9661}.Release|Any CPU.ActiveCfg = Release|Any CPU
		{E29028D4-7F4C-4682-BC2C-44D9261C9661}.Release|Any CPU.Build.0 = Release|Any CPU
		{64E604CC-4756-4F77-AAB7-6DA6D07B547B}.Debug|Any CPU.ActiveCfg = Debug|Any CPU
		{64E604CC-4756-4F77-AAB7-6DA6D07B547B}.Debug|Any CPU.Build.0 = Debug|Any CPU
		{64E604CC-4756-4F77-AAB7-6DA6D07B547B}.Release|Any CPU.ActiveCfg = Release|Any CPU
		{64E604CC-4756-4F77-AAB7-6DA6D07B547B}.Release|Any CPU.Build.0 = Release|Any CPU
		{05C4B957-F0BB-4475-A541-20479FFC4B1F}.Debug|Any CPU.ActiveCfg = Debug|Any CPU
		{05C4B957-F0BB-4475-A541-20479FFC4B1F}.Debug|Any CPU.Build.0 = Debug|Any CPU
		{05C4B957-F0BB-4475-A541-20479FFC4B1F}.Release|Any CPU.ActiveCfg = Release|Any CPU
		{05C4B957-F0BB-4475-A541-20479FFC4B1F}.Release|Any CPU.Build.0 = Release|Any CPU
		{1EA45054-0F62-488C-8305-12F7A05E6309}.Debug|Any CPU.ActiveCfg = Debug|Any CPU
		{1EA45054-0F62-488C-8305-12F7A05E6309}.Debug|Any CPU.Build.0 = Debug|Any CPU
		{1EA45054-0F62-488C-8305-12F7A05E6309}.Release|Any CPU.ActiveCfg = Release|Any CPU
		{1EA45054-0F62-488C-8305-12F7A05E6309}.Release|Any CPU.Build.0 = Release|Any CPU
		{CCD74098-C057-4CF5-A1BB-08ABC37D2DAA}.Debug|Any CPU.ActiveCfg = Debug|Any CPU
		{CCD74098-C057-4CF5-A1BB-08ABC37D2DAA}.Debug|Any CPU.Build.0 = Debug|Any CPU
		{CCD74098-C057-4CF5-A1BB-08ABC37D2DAA}.Release|Any CPU.ActiveCfg = Release|Any CPU
		{CCD74098-C057-4CF5-A1BB-08ABC37D2DAA}.Release|Any CPU.Build.0 = Release|Any CPU
		{A8865A47-4736-48E1-9326-E98BE2B2F5A5}.Debug|Any CPU.ActiveCfg = Debug|Any CPU
		{A8865A47-4736-48E1-9326-E98BE2B2F5A5}.Debug|Any CPU.Build.0 = Debug|Any CPU
		{A8865A47-4736-48E1-9326-E98BE2B2F5A5}.Release|Any CPU.ActiveCfg = Release|Any CPU
		{A8865A47-4736-48E1-9326-E98BE2B2F5A5}.Release|Any CPU.Build.0 = Release|Any CPU
		{730C444E-D32D-48A3-B749-11D3E1089CAB}.Debug|Any CPU.ActiveCfg = Debug|Any CPU
		{730C444E-D32D-48A3-B749-11D3E1089CAB}.Debug|Any CPU.Build.0 = Debug|Any CPU
		{730C444E-D32D-48A3-B749-11D3E1089CAB}.Release|Any CPU.ActiveCfg = Release|Any CPU
		{730C444E-D32D-48A3-B749-11D3E1089CAB}.Release|Any CPU.Build.0 = Release|Any CPU
		{A2BC6FA3-DE96-4354-9C1E-1D62B35C44AA}.Debug|Any CPU.ActiveCfg = Debug|Any CPU
		{A2BC6FA3-DE96-4354-9C1E-1D62B35C44AA}.Debug|Any CPU.Build.0 = Debug|Any CPU
		{A2BC6FA3-DE96-4354-9C1E-1D62B35C44AA}.Release|Any CPU.ActiveCfg = Release|Any CPU
		{A2BC6FA3-DE96-4354-9C1E-1D62B35C44AA}.Release|Any CPU.Build.0 = Release|Any CPU
	EndGlobalSection
	GlobalSection(SolutionProperties) = preSolution
		HideSolutionNode = FALSE
	EndGlobalSection
	GlobalSection(NestedProjects) = preSolution
		{50C7A0E1-307F-4C1E-BCA7-43B5EEF82079} = {CCD2D5D2-33F2-4829-8E69-5A5758DA1F7B}
		{5E07B21B-7B77-4741-A736-FB16C12A2EBF} = {0C3CD88D-1AA4-42E8-A2DE-16757F8BF070}
		{CF435F43-0475-43B2-A552-C5DC6941C1FD} = {CCD2D5D2-33F2-4829-8E69-5A5758DA1F7B}
		{8F81C745-933B-46CD-ABEA-27F94446A640} = {CCD2D5D2-33F2-4829-8E69-5A5758DA1F7B}
		{05CD741F-2707-4A94-A9F0-3027A74CB7A3} = {064899D9-3FE1-49EC-A441-7A020047EF08}
		{C612471B-85CC-4EB4-A84D-2A951F66DC1D} = {B3F4D30D-21C0-4A3E-9A7D-1CCCE76F2C18}
		{1BFD0349-AAF9-4556-A9E5-C631F9BA0495} = {B3F4D30D-21C0-4A3E-9A7D-1CCCE76F2C18}
		{E29028D4-7F4C-4682-BC2C-44D9261C9661} = {064899D9-3FE1-49EC-A441-7A020047EF08}
		{64E604CC-4756-4F77-AAB7-6DA6D07B547B} = {0C3CD88D-1AA4-42E8-A2DE-16757F8BF070}
		{05C4B957-F0BB-4475-A541-20479FFC4B1F} = {0C3CD88D-1AA4-42E8-A2DE-16757F8BF070}
		{1EA45054-0F62-488C-8305-12F7A05E6309} = {D2750981-86A9-4F83-B240-9E9B79D5A453}
		{CCD74098-C057-4CF5-A1BB-08ABC37D2DAA} = {D2750981-86A9-4F83-B240-9E9B79D5A453}
		{A8865A47-4736-48E1-9326-E98BE2B2F5A5} = {D2750981-86A9-4F83-B240-9E9B79D5A453}
		{730C444E-D32D-48A3-B749-11D3E1089CAB} = {064899D9-3FE1-49EC-A441-7A020047EF08}
		{A2BC6FA3-DE96-4354-9C1E-1D62B35C44AA} = {B3F4D30D-21C0-4A3E-9A7D-1CCCE76F2C18}
	EndGlobalSection
	GlobalSection(ExtensibilityGlobals) = postSolution
		SolutionGuid = {5990F0ED-D945-4DB5-9A48-195E9E77D647}
	EndGlobalSection
EndGlobal
