
Microsoft Visual Studio Solution File, Format Version 12.00
# Visual Studio Version 17
VisualStudioVersion = 17.2.32602.215
MinimumVisualStudioVersion = 10.0.40219.1
Project("{FAE04EC0-301F-11D3-BF4B-00C04F79EFBC}") = "01. Reverse Strings", "01. Reverse Strings\01. Reverse Strings.csproj", "{4F659CBD-8676-48E5-AA8C-0C0E55A3D05D}"
EndProject
Project("{FAE04EC0-301F-11D3-BF4B-00C04F79EFBC}") = "02. Repeat Strings", "02. Repeat Strings\02. Repeat Strings.csproj", "{60B5F6E5-C347-4836-B375-156772B4FC25}"
EndProject
Project("{FAE04EC0-301F-11D3-BF4B-00C04F79EFBC}") = "03. Substring", "03. Substring\03. Substring.csproj", "{5F71C3E7-0AD2-4CA1-9970-8FD3A46646CE}"
EndProject
Project("{FAE04EC0-301F-11D3-BF4B-00C04F79EFBC}") = "04. Text Filter", "04. Text Filter\04. Text Filter.csproj", "{80251937-1B22-40A1-B025-3764321FE0CD}"
EndProject
Project("{FAE04EC0-301F-11D3-BF4B-00C04F79EFBC}") = "05. Digits, Letters and Other", "05. Digits, Letters and Other\05. Digits, Letters and Other.csproj", "{4C0B50A4-B1B9-449A-B7F1-F98F0A8ADE89}"
EndProject
Global
	GlobalSection(SolutionConfigurationPlatforms) = preSolution
		Debug|Any CPU = Debug|Any CPU
		Release|Any CPU = Release|Any CPU
	EndGlobalSection
	GlobalSection(ProjectConfigurationPlatforms) = postSolution
		{4F659CBD-8676-48E5-AA8C-0C0E55A3D05D}.Debug|Any CPU.ActiveCfg = Debug|Any CPU
		{4F659CBD-8676-48E5-AA8C-0C0E55A3D05D}.Debug|Any CPU.Build.0 = Debug|Any CPU
		{4F659CBD-8676-48E5-AA8C-0C0E55A3D05D}.Release|Any CPU.ActiveCfg = Release|Any CPU
		{4F659CBD-8676-48E5-AA8C-0C0E55A3D05D}.Release|Any CPU.Build.0 = Release|Any CPU
		{60B5F6E5-C347-4836-B375-156772B4FC25}.Debug|Any CPU.ActiveCfg = Debug|Any CPU
		{60B5F6E5-C347-4836-B375-156772B4FC25}.Debug|Any CPU.Build.0 = Debug|Any CPU
		{60B5F6E5-C347-4836-B375-156772B4FC25}.Release|Any CPU.ActiveCfg = Release|Any CPU
		{60B5F6E5-C347-4836-B375-156772B4FC25}.Release|Any CPU.Build.0 = Release|Any CPU
		{5F71C3E7-0AD2-4CA1-9970-8FD3A46646CE}.Debug|Any CPU.ActiveCfg = Debug|Any CPU
		{5F71C3E7-0AD2-4CA1-9970-8FD3A46646CE}.Debug|Any CPU.Build.0 = Debug|Any CPU
		{5F71C3E7-0AD2-4CA1-9970-8FD3A46646CE}.Release|Any CPU.ActiveCfg = Release|Any CPU
		{5F71C3E7-0AD2-4CA1-9970-8FD3A46646CE}.Release|Any CPU.Build.0 = Release|Any CPU
		{80251937-1B22-40A1-B025-3764321FE0CD}.Debug|Any CPU.ActiveCfg = Debug|Any CPU
		{80251937-1B22-40A1-B025-3764321FE0CD}.Debug|Any CPU.Build.0 = Debug|Any CPU
		{80251937-1B22-40A1-B025-3764321FE0CD}.Release|Any CPU.ActiveCfg = Release|Any CPU
		{80251937-1B22-40A1-B025-3764321FE0CD}.Release|Any CPU.Build.0 = Release|Any CPU
		{4C0B50A4-B1B9-449A-B7F1-F98F0A8ADE89}.Debug|Any CPU.ActiveCfg = Debug|Any CPU
		{4C0B50A4-B1B9-449A-B7F1-F98F0A8ADE89}.Debug|Any CPU.Build.0 = Debug|Any CPU
		{4C0B50A4-B1B9-449A-B7F1-F98F0A8ADE89}.Release|Any CPU.ActiveCfg = Release|Any CPU
		{4C0B50A4-B1B9-449A-B7F1-F98F0A8ADE89}.Release|Any CPU.Build.0 = Release|Any CPU
	EndGlobalSection
	GlobalSection(SolutionProperties) = preSolution
		HideSolutionNode = FALSE
	EndGlobalSection
	GlobalSection(ExtensibilityGlobals) = postSolution
		SolutionGuid = {678DB5BC-7529-49A3-9EB6-B8D07AACFAE5}
	EndGlobalSection
EndGlobal
